Microsoft Visual Studio Solution File, Format Version 12.00
# Visual Studio 2012
Project("{FAE04EC0-301F-11D3-BF4B-00C04F79EFBC}") = "Fighting Game", "Fighting Game.csproj", "{44A35925-57DA-4BEF-8DF1-65C25DDA6352}"
EndProject
Global
	GlobalSection(SolutionConfigurationPlatforms) = preSolution
	Debug|Any CPU = Debug|Any CPU
	ExportDebug|Any CPU = ExportDebug|Any CPU
	ExportRelease|Any CPU = ExportRelease|Any CPU
	EndGlobalSection
	GlobalSection(ProjectConfigurationPlatforms) = postSolution
		{44A35925-57DA-4BEF-8DF1-65C25DDA6352}.Debug|Any CPU.ActiveCfg = Debug|Any CPU
		{44A35925-57DA-4BEF-8DF1-65C25DDA6352}.Debug|Any CPU.Build.0 = Debug|Any CPU
		{44A35925-57DA-4BEF-8DF1-65C25DDA6352}.ExportDebug|Any CPU.ActiveCfg = ExportDebug|Any CPU
		{44A35925-57DA-4BEF-8DF1-65C25DDA6352}.ExportDebug|Any CPU.Build.0 = ExportDebug|Any CPU
		{44A35925-57DA-4BEF-8DF1-65C25DDA6352}.ExportRelease|Any CPU.ActiveCfg = ExportRelease|Any CPU
		{44A35925-57DA-4BEF-8DF1-65C25DDA6352}.ExportRelease|Any CPU.Build.0 = ExportRelease|Any CPU
	EndGlobalSection
EndGlobal
